// !$*UTF8*$!
{
	archiveVersion = 1;
	classes = {
	};
	objectVersion = 77;
	objects = {

/* Begin PBXBuildFile section */
		4EBAABCD2DC934DA00ADCA0F /* OpenAIKit in Frameworks */ = {isa = PBXBuildFile; productRef = 4EBAABCC2DC934DA00ADCA0F /* OpenAIKit */; };
/* End PBXBuildFile section */

/* Begin PBXContainerItemProxy section */
		4EBAABA22DC92CA400ADCA0F /* PBXContainerItemProxy */ = {
			isa = PBXContainerItemProxy;
			containerPortal = 4EBAAB8C2DC92CA200ADCA0F /* Project object */;
			proxyType = 1;
			remoteGlobalIDString = 4EBAAB932DC92CA200ADCA0F;
			remoteInfo = AffirmationsGenerator;
		};
		4EBAABAC2DC92CA400ADCA0F /* PBXContainerItemProxy */ = {
			isa = PBXContainerItemProxy;
			containerPortal = 4EBAAB8C2DC92CA200ADCA0F /* Project object */;
			proxyType = 1;
			remoteGlobalIDString = 4EBAAB932DC92CA200ADCA0F;
			remoteInfo = AffirmationsGenerator;
		};
/* End PBXContainerItemProxy section */

/* Begin PBXFileReference section */
		4EBAAB942DC92CA200ADCA0F /* AffirmationsGenerator.app */ = {isa = PBXFileReference; explicitFileType = wrapper.application; includeInIndex = 0; path = AffirmationsGenerator.app; sourceTree = BUILT_PRODUCTS_DIR; };
		4EBAABA12DC92CA400ADCA0F /* AffirmationsGeneratorTests.xctest */ = {isa = PBXFileReference; explicitFileType = wrapper.cfbundle; includeInIndex = 0; path = AffirmationsGeneratorTests.xctest; sourceTree = BUILT_PRODUCTS_DIR; };
		4EBAABAB2DC92CA400ADCA0F /* AffirmationsGeneratorUITests.xctest */ = {isa = PBXFileReference; explicitFileType = wrapper.cfbundle; includeInIndex = 0; path = AffirmationsGeneratorUITests.xctest; sourceTree = BUILT_PRODUCTS_DIR; };
/* End PBXFileReference section */

/* Begin PBXFileSystemSynchronizedRootGroup section */
		4EBAAB962DC92CA200ADCA0F /* AffirmationsGenerator */ = {
			isa = PBXFileSystemSynchronizedRootGroup;
			path = AffirmationsGenerator;
			sourceTree = "<group>";
		};
		4EBAABA42DC92CA400ADCA0F /* AffirmationsGeneratorTests */ = {
			isa = PBXFileSystemSynchronizedRootGroup;
			path = AffirmationsGeneratorTests;
			sourceTree = "<group>";
		};
		4EBAABAE2DC92CA400ADCA0F /* AffirmationsGeneratorUITests */ = {
			isa = PBXFileSystemSynchronizedRootGroup;
			path = AffirmationsGeneratorUITests;
			sourceTree = "<group>";
		};
/* End PBXFileSystemSynchronizedRootGroup section */

/* Begin PBXFrameworksBuildPhase section */
		4EBAAB912DC92CA200ADCA0F /* Frameworks */ = {
			isa = PBXFrameworksBuildPhase;
			buildActionMask = 2147483647;
			files = (
				4EBAABCD2DC934DA00ADCA0F /* OpenAIKit in Frameworks */,
			);
			runOnlyForDeploymentPostprocessing = 0;
		};
		4EBAAB9E2DC92CA400ADCA0F /* Frameworks */ = {
			isa = PBXFrameworksBuildPhase;
			buildActionMask = 2147483647;
			files = (
			);
			runOnlyForDeploymentPostprocessing = 0;
		};
		4EBAABA82DC92CA400ADCA0F /* Frameworks */ = {
			isa = PBXFrameworksBuildPhase;
			buildActionMask = 2147483647;
			files = (
			);
			runOnlyForDeploymentPostprocessing = 0;
		};
/* End PBXFrameworksBuildPhase section */

/* Begin PBXGroup section */
		4EBAAB8B2DC92CA200ADCA0F = {
			isa = PBXGroup;
			children = (
				4EBAAB962DC92CA200ADCA0F /* AffirmationsGenerator */,
				4EBAABA42DC92CA400ADCA0F /* AffirmationsGeneratorTests */,
				4EBAABAE2DC92CA400ADCA0F /* AffirmationsGeneratorUITests */,
				4EBAABCB2DC934DA00ADCA0F /* Frameworks */,
				4EBAAB952DC92CA200ADCA0F /* Products */,
			);
			sourceTree = "<group>";
		};
		4EBAAB952DC92CA200ADCA0F /* Products */ = {
			isa = PBXGroup;
			children = (
				4EBAAB942DC92CA200ADCA0F /* AffirmationsGenerator.app */,
				4EBAABA12DC92CA400ADCA0F /* AffirmationsGeneratorTests.xctest */,
				4EBAABAB2DC92CA400ADCA0F /* AffirmationsGeneratorUITests.xctest */,
			);
			name = Products;
			sourceTree = "<group>";
		};
		4EBAABCB2DC934DA00ADCA0F /* Frameworks */ = {
			isa = PBXGroup;
			children = (
			);
			name = Frameworks;
			sourceTree = "<group>";
		};
/* End PBXGroup section */

/* Begin PBXNativeTarget section */
		4EBAAB932DC92CA200ADCA0F /* AffirmationsGenerator */ = {
			isa = PBXNativeTarget;
			buildConfigurationList = 4EBAABB52DC92CA400ADCA0F /* Build configuration list for PBXNativeTarget "AffirmationsGenerator" */;
			buildPhases = (
				4EBAAB902DC92CA200ADCA0F /* Sources */,
				4EBAAB912DC92CA200ADCA0F /* Frameworks */,
				4EBAAB922DC92CA200ADCA0F /* Resources */,
			);
			buildRules = (
			);
			dependencies = (
			);
			fileSystemSynchronizedGroups = (
				4EBAAB962DC92CA200ADCA0F /* AffirmationsGenerator */,
			);
			name = AffirmationsGenerator;
			packageProductDependencies = (
				4EBAABCC2DC934DA00ADCA0F /* OpenAIKit */,
			);
			productName = AffirmationsGenerator;
			productReference = 4EBAAB942DC92CA200ADCA0F /* AffirmationsGenerator.app */;
			productType = "com.apple.product-type.application";
		};
		4EBAABA02DC92CA400ADCA0F /* AffirmationsGeneratorTests */ = {
			isa = PBXNativeTarget;
			buildConfigurationList = 4EBAABB82DC92CA400ADCA0F /* Build configuration list for PBXNativeTarget "AffirmationsGeneratorTests" */;
			buildPhases = (
				4EBAAB9D2DC92CA400ADCA0F /* Sources */,
				4EBAAB9E2DC92CA400ADCA0F /* Frameworks */,
				4EBAAB9F2DC92CA400ADCA0F /* Resources */,
			);
			buildRules = (
			);
			dependencies = (
				4EBAABA32DC92CA400ADCA0F /* PBXTargetDependency */,
			);
			fileSystemSynchronizedGroups = (
				4EBAABA42DC92CA400ADCA0F /* AffirmationsGeneratorTests */,
			);
			name = AffirmationsGeneratorTests;
			packageProductDependencies = (
			);
			productName = AffirmationsGeneratorTests;
			productReference = 4EBAABA12DC92CA400ADCA0F /* AffirmationsGeneratorTests.xctest */;
			productType = "com.apple.product-type.bundle.unit-test";
		};
		4EBAABAA2DC92CA400ADCA0F /* AffirmationsGeneratorUITests */ = {
			isa = PBXNativeTarget;
			buildConfigurationList = 4EBAABBB2DC92CA400ADCA0F /* Build configuration list for PBXNativeTarget "AffirmationsGeneratorUITests" */;
			buildPhases = (
				4EBAABA72DC92CA400ADCA0F /* Sources */,
				4EBAABA82DC92CA400ADCA0F /* Frameworks */,
				4EBAABA92DC92CA400ADCA0F /* Resources */,
			);
			buildRules = (
			);
			dependencies = (
				4EBAABAD2DC92CA400ADCA0F /* PBXTargetDependency */,
			);
			fileSystemSynchronizedGroups = (
				4EBAABAE2DC92CA400ADCA0F /* AffirmationsGeneratorUITests */,
			);
			name = AffirmationsGeneratorUITests;
			packageProductDependencies = (
			);
			productName = AffirmationsGeneratorUITests;
			productReference = 4EBAABAB2DC92CA400ADCA0F /* AffirmationsGeneratorUITests.xctest */;
			productType = "com.apple.product-type.bundle.ui-testing";
		};
/* End PBXNativeTarget section */

/* Begin PBXProject section */
		4EBAAB8C2DC92CA200ADCA0F /* Project object */ = {
			isa = PBXProject;
			attributes = {
				BuildIndependentTargetsInParallel = 1;
				LastSwiftUpdateCheck = 1630;
				LastUpgradeCheck = 1630;
				TargetAttributes = {
					4EBAAB932DC92CA200ADCA0F = {
						CreatedOnToolsVersion = 16.3;
					};
					4EBAABA02DC92CA400ADCA0F = {
						CreatedOnToolsVersion = 16.3;
						TestTargetID = 4EBAAB932DC92CA200ADCA0F;
					};
					4EBAABAA2DC92CA400ADCA0F = {
						CreatedOnToolsVersion = 16.3;
						TestTargetID = 4EBAAB932DC92CA200ADCA0F;
					};
				};
			};
			buildConfigurationList = 4EBAAB8F2DC92CA200ADCA0F /* Build configuration list for PBXProject "AffirmationsGenerator" */;
			developmentRegion = en;
			hasScannedForEncodings = 0;
			knownRegions = (
				en,
				Base,
			);
			mainGroup = 4EBAAB8B2DC92CA200ADCA0F;
			minimizedProjectReferenceProxies = 1;
			packageReferences = (
				4EBAABCA2DC9341E00ADCA0F /* XCRemoteSwiftPackageReference "OpenAIKit" */,
			);
			preferredProjectObjectVersion = 77;
			productRefGroup = 4EBAAB952DC92CA200ADCA0F /* Products */;
			projectDirPath = "";
			projectRoot = "";
			targets = (
				4EBAAB932DC92CA200ADCA0F /* AffirmationsGenerator */,
				4EBAABA02DC92CA400ADCA0F /* AffirmationsGeneratorTests */,
				4EBAABAA2DC92CA400ADCA0F /* AffirmationsGeneratorUITests */,
			);
		};
/* End PBXProject section */

/* Begin PBXResourcesBuildPhase section */
		4EBAAB922DC92CA200ADCA0F /* Resources */ = {
			isa = PBXResourcesBuildPhase;
			buildActionMask = 2147483647;
			files = (
			);
			runOnlyForDeploymentPostprocessing = 0;
		};
		4EBAAB9F2DC92CA400ADCA0F /* Resources */ = {
			isa = PBXResourcesBuildPhase;
			buildActionMask = 2147483647;
			files = (
			);
			runOnlyForDeploymentPostprocessing = 0;
		};
		4EBAABA92DC92CA400ADCA0F /* Resources */ = {
			isa = PBXResourcesBuildPhase;
			buildActionMask = 2147483647;
			files = (
			);
			runOnlyForDeploymentPostprocessing = 0;
		};
/* End PBXResourcesBuildPhase section */

/* Begin PBXSourcesBuildPhase section */
		4EBAAB902DC92CA200ADCA0F /* Sources */ = {
			isa = PBXSourcesBuildPhase;
			buildActionMask = 2147483647;
			files = (
			);
			runOnlyForDeploymentPostprocessing = 0;
		};
		4EBAAB9D2DC92CA400ADCA0F /* Sources */ = {
			isa = PBXSourcesBuildPhase;
			buildActionMask = 2147483647;
			files = (
			);
			runOnlyForDeploymentPostprocessing = 0;
		};
		4EBAABA72DC92CA400ADCA0F /* Sources */ = {
			isa = PBXSourcesBuildPhase;
			buildActionMask = 2147483647;
			files = (
			);
			runOnlyForDeploymentPostprocessing = 0;
		};
/* End PBXSourcesBuildPhase section */

/* Begin PBXTargetDependency section */
		4EBAABA32DC92CA400ADCA0F /* PBXTargetDependency */ = {
			isa = PBXTargetDependency;
			target = 4EBAAB932DC92CA200ADCA0F /* AffirmationsGenerator */;
			targetProxy = 4EBAABA22DC92CA400ADCA0F /* PBXContainerItemProxy */;
		};
		4EBAABAD2DC92CA400ADCA0F /* PBXTargetDependency */ = {
			isa = PBXTargetDependency;
			target = 4EBAAB932DC92CA200ADCA0F /* AffirmationsGenerator */;
			targetProxy = 4EBAABAC2DC92CA400ADCA0F /* PBXContainerItemProxy */;
		};
/* End PBXTargetDependency section */

/* Begin XCBuildConfiguration section */
		4EBAABB32DC92CA400ADCA0F /* Debug */ = {
			isa = XCBuildConfiguration;
			buildSettings = {
				ALWAYS_SEARCH_USER_PATHS = NO;
				ASSETCATALOG_COMPILER_GENERATE_SWIFT_ASSET_SYMBOL_EXTENSIONS = YES;
				CLANG_ANALYZER_NONNULL = YES;
				CLANG_ANALYZER_NUMBER_OBJECT_CONVERSION = YES_AGGRESSIVE;
				CLANG_CXX_LANGUAGE_STANDARD = "gnu++20";
				CLANG_ENABLE_MODULES = YES;
				CLANG_ENABLE_OBJC_ARC = YES;
				CLANG_ENABLE_OBJC_WEAK = YES;
				CLANG_WARN_BLOCK_CAPTURE_AUTORELEASING = YES;
				CLANG_WARN_BOOL_CONVERSION = YES;
				CLANG_WARN_COMMA = YES;
				CLANG_WARN_CONSTANT_CONVERSION = YES;
				CLANG_WARN_DEPRECATED_OBJC_IMPLEMENTATIONS = YES;
				CLANG_WARN_DIRECT_OBJC_ISA_USAGE = YES_ERROR;
				CLANG_WARN_DOCUMENTATION_COMMENTS = YES;
				CLANG_WARN_EMPTY_BODY = YES;
				CLANG_WARN_ENUM_CONVERSION = YES;
				CLANG_WARN_INFINITE_RECURSION = YES;
				CLANG_WARN_INT_CONVERSION = YES;
				CLANG_WARN_NON_LITERAL_NULL_CONVERSION = YES;
				CLANG_WARN_OBJC_IMPLICIT_RETAIN_SELF = YES;
				CLANG_WARN_OBJC_LITERAL_CONVERSION = YES;
				CLANG_WARN_OBJC_ROOT_CLASS = YES_ERROR;
				CLANG_WARN_QUOTED_INCLUDE_IN_FRAMEWORK_HEADER = YES;
				CLANG_WARN_RANGE_LOOP_ANALYSIS = YES;
				CLANG_WARN_STRICT_PROTOTYPES = YES;
				CLANG_WARN_SUSPICIOUS_MOVE = YES;
				CLANG_WARN_UNGUARDED_AVAILABILITY = YES_AGGRESSIVE;
				CLANG_WARN_UNREACHABLE_CODE = YES;
				CLANG_WARN__DUPLICATE_METHOD_MATCH = YES;
				COPY_PHASE_STRIP = NO;
				DEBUG_INFORMATION_FORMAT = dwarf;
				DEVELOPMENT_TEAM = D995UHN994;
				ENABLE_STRICT_OBJC_MSGSEND = YES;
				ENABLE_TESTABILITY = YES;
				ENABLE_USER_SCRIPT_SANDBOXING = YES;
				GCC_C_LANGUAGE_STANDARD = gnu17;
				GCC_DYNAMIC_NO_PIC = NO;
				GCC_NO_COMMON_BLOCKS = YES;
				GCC_OPTIMIZATION_LEVEL = 0;
				GCC_PREPROCESSOR_DEFINITIONS = (
					"DEBUG=1",
					"$(inherited)",
				);
				GCC_WARN_64_TO_32_BIT_CONVERSION = YES;
				GCC_WARN_ABOUT_RETURN_TYPE = YES_ERROR;
				GCC_WARN_UNDECLARED_SELECTOR = YES;
				GCC_WARN_UNINITIALIZED_AUTOS = YES_AGGRESSIVE;
				GCC_WARN_UNUSED_FUNCTION = YES;
				GCC_WARN_UNUSED_VARIABLE = YES;
				IPHONEOS_DEPLOYMENT_TARGET = 18.4;
				LOCALIZATION_PREFERS_STRING_CATALOGS = YES;
				MTL_ENABLE_DEBUG_INFO = INCLUDE_SOURCE;
				MTL_FAST_MATH = YES;
				ONLY_ACTIVE_ARCH = YES;
				SDKROOT = iphoneos;
				SWIFT_ACTIVE_COMPILATION_CONDITIONS = "DEBUG $(inherited)";
				SWIFT_OPTIMIZATION_LEVEL = "-Onone";
			};
			name = Debug;
		};
		4EBAABB42DC92CA400ADCA0F /* Release */ = {
			isa = XCBuildConfiguration;
			buildSettings = {
				ALWAYS_SEARCH_USER_PATHS = NO;
				ASSETCATALOG_COMPILER_GENERATE_SWIFT_ASSET_SYMBOL_EXTENSIONS = YES;
				CLANG_ANALYZER_NONNULL = YES;
				CLANG_ANALYZER_NUMBER_OBJECT_CONVERSION = YES_AGGRESSIVE;
				CLANG_CXX_LANGUAGE_STANDARD = "gnu++20";
				CLANG_ENABLE_MODULES = YES;
				CLANG_ENABLE_OBJC_ARC = YES;
				CLANG_ENABLE_OBJC_WEAK = YES;
				CLANG_WARN_BLOCK_CAPTURE_AUTORELEASING = YES;
				CLANG_WARN_BOOL_CONVERSION = YES;
				CLANG_WARN_COMMA = YES;
				CLANG_WARN_CONSTANT_CONVERSION = YES;
				CLANG_WARN_DEPRECATED_OBJC_IMPLEMENTATIONS = YES;
				CLANG_WARN_DIRECT_OBJC_ISA_USAGE = YES_ERROR;
				CLANG_WARN_DOCUMENTATION_COMMENTS = YES;
				CLANG_WARN_EMPTY_BODY = YES;
				CLANG_WARN_ENUM_CONVERSION = YES;
				CLANG_WARN_INFINITE_RECURSION = YES;
				CLANG_WARN_INT_CONVERSION = YES;
				CLANG_WARN_NON_LITERAL_NULL_CONVERSION = YES;
				CLANG_WARN_OBJC_IMPLICIT_RETAIN_SELF = YES;
				CLANG_WARN_OBJC_LITERAL_CONVERSION = YES;
				CLANG_WARN_OBJC_ROOT_CLASS = YES_ERROR;
				CLANG_WARN_QUOTED_INCLUDE_IN_FRAMEWORK_HEADER = YES;
				CLANG_WARN_RANGE_LOOP_ANALYSIS = YES;
				CLANG_WARN_STRICT_PROTOTYPES = YES;
				CLANG_WARN_SUSPICIOUS_MOVE = YES;
				CLANG_WARN_UNGUARDED_AVAILABILITY = YES_AGGRESSIVE;
				CLANG_WARN_UNREACHABLE_CODE = YES;
				CLANG_WARN__DUPLICATE_METHOD_MATCH = YES;
				COPY_PHASE_STRIP = NO;
				DEBUG_INFORMATION_FORMAT = "dwarf-with-dsym";
				DEVELOPMENT_TEAM = D995UHN994;
				ENABLE_NS_ASSERTIONS = NO;
				ENABLE_STRICT_OBJC_MSGSEND = YES;
				ENABLE_USER_SCRIPT_SANDBOXING = YES;
				GCC_C_LANGUAGE_STANDARD = gnu17;
				GCC_NO_COMMON_BLOCKS = YES;
				GCC_WARN_64_TO_32_BIT_CONVERSION = YES;
				GCC_WARN_ABOUT_RETURN_TYPE = YES_ERROR;
				GCC_WARN_UNDECLARED_SELECTOR = YES;
				GCC_WARN_UNINITIALIZED_AUTOS = YES_AGGRESSIVE;
				GCC_WARN_UNUSED_FUNCTION = YES;
				GCC_WARN_UNUSED_VARIABLE = YES;
				IPHONEOS_DEPLOYMENT_TARGET = 18.4;
				LOCALIZATION_PREFERS_STRING_CATALOGS = YES;
				MTL_ENABLE_DEBUG_INFO = NO;
				MTL_FAST_MATH = YES;
				SDKROOT = iphoneos;
				SWIFT_COMPILATION_MODE = wholemodule;
				VALIDATE_PRODUCT = YES;
			};
			name = Release;
		};
		4EBAABB62DC92CA400ADCA0F /* Debug */ = {
			isa = XCBuildConfiguration;
			buildSettings = {
				ASSETCATALOG_COMPILER_APPICON_NAME = AppIcon;
				ASSETCATALOG_COMPILER_GLOBAL_ACCENT_COLOR_NAME = AccentColor;
				CODE_SIGN_STYLE = Automatic;
				CURRENT_PROJECT_VERSION = 1;
				DEVELOPMENT_TEAM = D995UHN994;
				ENABLE_PREVIEWS = YES;
				GENERATE_INFOPLIST_FILE = YES;
				INFOPLIST_KEY_UIApplicationSceneManifest_Generation = YES;
				INFOPLIST_KEY_UIApplicationSupportsIndirectInputEvents = YES;
				INFOPLIST_KEY_UILaunchScreen_Generation = YES;
				INFOPLIST_KEY_UISupportedInterfaceOrientations_iPad = "UIInterfaceOrientationPortrait UIInterfaceOrientationPortraitUpsideDown UIInterfaceOrientationLandscapeLeft UIInterfaceOrientationLandscapeRight";
				INFOPLIST_KEY_UISupportedInterfaceOrientations_iPhone = "UIInterfaceOrientationPortrait UIInterfaceOrientationLandscapeLeft UIInterfaceOrientationLandscapeRight";
				LD_RUNPATH_SEARCH_PATHS = (
					"$(inherited)",
					"@executable_path/Frameworks",
				);
				MARKETING_VERSION = 1.0;
				PRODUCT_BUNDLE_IDENTIFIER = com.AffirmationsGenerator.AffirmationsGenerator;
				PRODUCT_NAME = "$(TARGET_NAME)";
				SWIFT_EMIT_LOC_STRINGS = YES;
				SWIFT_VERSION = 5.0;
				TARGETED_DEVICE_FAMILY = "1,2";
			};
			name = Debug;
		};
		4EBAABB72DC92CA400ADCA0F /* Release */ = {
			isa = XCBuildConfiguration;
			buildSettings = {
				ASSETCATALOG_COMPILER_APPICON_NAME = AppIcon;
				ASSETCATALOG_COMPILER_GLOBAL_ACCENT_COLOR_NAME = AccentColor;
				CODE_SIGN_STYLE = Automatic;
				CURRENT_PROJECT_VERSION = 1;
				DEVELOPMENT_TEAM = D995UHN994;
				ENABLE_PREVIEWS = YES;
				GENERATE_INFOPLIST_FILE = YES;
				INFOPLIST_KEY_UIApplicationSceneManifest_Generation = YES;
				INFOPLIST_KEY_UIApplicationSupportsIndirectInputEvents = YES;
				INFOPLIST_KEY_UILaunchScreen_Generation = YES;
				INFOPLIST_KEY_UISupportedInterfaceOrientations_iPad = "UIInterfaceOrientationPortrait UIInterfaceOrientationPortraitUpsideDown UIInterfaceOrientationLandscapeLeft UIInterfaceOrientationLandscapeRight";
				INFOPLIST_KEY_UISupportedInterfaceOrientations_iPhone = "UIInterfaceOrientationPortrait UIInterfaceOrientationLandscapeLeft UIInterfaceOrientationLandscapeRight";
				LD_RUNPATH_SEARCH_PATHS = (
					"$(inherited)",
					"@executable_path/Frameworks",
				);
				MARKETING_VERSION = 1.0;
				PRODUCT_BUNDLE_IDENTIFIER = com.AffirmationsGenerator.AffirmationsGenerator;
				PRODUCT_NAME = "$(TARGET_NAME)";
				SWIFT_EMIT_LOC_STRINGS = YES;
				SWIFT_VERSION = 5.0;
				TARGETED_DEVICE_FAMILY = "1,2";
			};
			name = Release;
		};
		4EBAABB92DC92CA400ADCA0F /* Debug */ = {
			isa = XCBuildConfiguration;
			buildSettings = {
				BUNDLE_LOADER = "$(TEST_HOST)";
				CODE_SIGN_STYLE = Automatic;
				CURRENT_PROJECT_VERSION = 1;
				DEVELOPMENT_TEAM = D995UHN994;
				GENERATE_INFOPLIST_FILE = YES;
				IPHONEOS_DEPLOYMENT_TARGET = 18.4;
				MARKETING_VERSION = 1.0;
				PRODUCT_BUNDLE_IDENTIFIER = com.AffirmationsGenerator.AffirmationsGeneratorTests;
				PRODUCT_NAME = "$(TARGET_NAME)";
				SWIFT_EMIT_LOC_STRINGS = NO;
				SWIFT_VERSION = 5.0;
				TARGETED_DEVICE_FAMILY = "1,2";
				TEST_HOST = "$(BUILT_PRODUCTS_DIR)/AffirmationsGenerator.app/$(BUNDLE_EXECUTABLE_FOLDER_PATH)/AffirmationsGenerator";
			};
			name = Debug;
		};
		4EBAABBA2DC92CA400ADCA0F /* Release */ = {
			isa = XCBuildConfiguration;
			buildSettings = {
				BUNDLE_LOADER = "$(TEST_HOST)";
				CODE_SIGN_STYLE = Automatic;
				CURRENT_PROJECT_VERSION = 1;
				DEVELOPMENT_TEAM = D995UHN994;
				GENERATE_INFOPLIST_FILE = YES;
				IPHONEOS_DEPLOYMENT_TARGET = 18.4;
				MARKETING_VERSION = 1.0;
				PRODUCT_BUNDLE_IDENTIFIER = com.AffirmationsGenerator.AffirmationsGeneratorTests;
				PRODUCT_NAME = "$(TARGET_NAME)";
				SWIFT_EMIT_LOC_STRINGS = NO;
				SWIFT_VERSION = 5.0;
				TARGETED_DEVICE_FAMILY = "1,2";
				TEST_HOST = "$(BUILT_PRODUCTS_DIR)/AffirmationsGenerator.app/$(BUNDLE_EXECUTABLE_FOLDER_PATH)/AffirmationsGenerator";
			};
			name = Release;
		};
		4EBAABBC2DC92CA400ADCA0F /* Debug */ = {
			isa = XCBuildConfiguration;
			buildSettings = {
				CODE_SIGN_STYLE = Automatic;
				CURRENT_PROJECT_VERSION = 1;
				DEVELOPMENT_TEAM = D995UHN994;
				GENERATE_INFOPLIST_FILE = YES;
				MARKETING_VERSION = 1.0;
				PRODUCT_BUNDLE_IDENTIFIER = com.AffirmationsGenerator.AffirmationsGeneratorUITests;
				PRODUCT_NAME = "$(TARGET_NAME)";
				SWIFT_EMIT_LOC_STRINGS = NO;
				SWIFT_VERSION = 5.0;
				TARGETED_DEVICE_FAMILY = "1,2";
				TEST_TARGET_NAME = AffirmationsGenerator;
			};
			name = Debug;
		};
		4EBAABBD2DC92CA400ADCA0F /* Release */ = {
			isa = XCBuildConfiguration;
			buildSettings = {
				CODE_SIGN_STYLE = Automatic;
				CURRENT_PROJECT_VERSION = 1;
				DEVELOPMENT_TEAM = D995UHN994;
				GENERATE_INFOPLIST_FILE = YES;
				MARKETING_VERSION = 1.0;
				PRODUCT_BUNDLE_IDENTIFIER = com.AffirmationsGenerator.AffirmationsGeneratorUITests;
				PRODUCT_NAME = "$(TARGET_NAME)";
				SWIFT_EMIT_LOC_STRINGS = NO;
				SWIFT_VERSION = 5.0;
				TARGETED_DEVICE_FAMILY = "1,2";
				TEST_TARGET_NAME = AffirmationsGenerator;
			};
			name = Release;
		};
/* End XCBuildConfiguration section */

/* Begin XCConfigurationList section */
		4EBAAB8F2DC92CA200ADCA0F /* Build configuration list for PBXProject "AffirmationsGenerator" */ = {
			isa = XCConfigurationList;
			buildConfigurations = (
				4EBAABB32DC92CA400ADCA0F /* Debug */,
				4EBAABB42DC92CA400ADCA0F /* Release */,
			);
			defaultConfigurationIsVisible = 0;
			defaultConfigurationName = Release;
		};
		4EBAABB52DC92CA400ADCA0F /* Build configuration list for PBXNativeTarget "AffirmationsGenerator" */ = {
			isa = XCConfigurationList;
			buildConfigurations = (
				4EBAABB62DC92CA400ADCA0F /* Debug */,
				4EBAABB72DC92CA400ADCA0F /* Release */,
			);
			defaultConfigurationIsVisible = 0;
			defaultConfigurationName = Release;
		};
		4EBAABB82DC92CA400ADCA0F /* Build configuration list for PBXNativeTarget "AffirmationsGeneratorTests" */ = {
			isa = XCConfigurationList;
			buildConfigurations = (
				4EBAABB92DC92CA400ADCA0F /* Debug */,
				4EBAABBA2DC92CA400ADCA0F /* Release */,
			);
			defaultConfigurationIsVisible = 0;
			defaultConfigurationName = Release;
		};
		4EBAABBB2DC92CA400ADCA0F /* Build configuration list for PBXNativeTarget "AffirmationsGeneratorUITests" */ = {
			isa = XCConfigurationList;
			buildConfigurations = (
				4EBAABBC2DC92CA400ADCA0F /* Debug */,
				4EBAABBD2DC92CA400ADCA0F /* Release */,
			);
			defaultConfigurationIsVisible = 0;
			defaultConfigurationName = Release;
		};
/* End XCConfigurationList section */

/* Begin XCRemoteSwiftPackageReference section */
		4EBAABCA2DC9341E00ADCA0F /* XCRemoteSwiftPackageReference "OpenAIKit" */ = {
			isa = XCRemoteSwiftPackageReference;
			repositoryURL = "https://github.com/OpenDive/OpenAIKit";
			requirement = {
				kind = upToNextMajorVersion;
				minimumVersion = 2.0.1;
			};
		};
/* End XCRemoteSwiftPackageReference section */

/* Begin XCSwiftPackageProductDependency section */
		4EBAABCC2DC934DA00ADCA0F /* OpenAIKit */ = {
			isa = XCSwiftPackageProductDependency;
			package = 4EBAABCA2DC9341E00ADCA0F /* XCRemoteSwiftPackageReference "OpenAIKit" */;
			productName = OpenAIKit;
		};
/* End XCSwiftPackageProductDependency section */
	};
	rootObject = 4EBAAB8C2DC92CA200ADCA0F /* Project object */;
}
